
Microsoft Visual Studio Solution File, Format Version 12.00
# Visual Studio Version 16
VisualStudioVersion = 16.0.32630.194
MinimumVisualStudioVersion = 10.0.40219.1
Project("{FAE04EC0-301F-11D3-BF4B-00C04F79EFBC}") = "CrudUsingADO.net", "CrudUsingADO.net\CrudUsingADO.net.csproj", "{B5955FB5-5B7C-4C48-9F95-F3CF3DA1EF99}"
EndProject
Global
	GlobalSection(SolutionConfigurationPlatforms) = preSolution
		Debug|Any CPU = Debug|Any CPU
		Release|Any CPU = Release|Any CPU
	EndGlobalSection
	GlobalSection(ProjectConfigurationPlatforms) = postSolution
		{B5955FB5-5B7C-4C48-9F95-F3CF3DA1EF99}.Debug|Any CPU.ActiveCfg = Debug|Any CPU
		{B5955FB5-5B7C-4C48-9F95-F3CF3DA1EF99}.Debug|Any CPU.Build.0 = Debug|Any CPU
		{B5955FB5-5B7C-4C48-9F95-F3CF3DA1EF99}.Release|Any CPU.ActiveCfg = Release|Any CPU
		{B5955FB5-5B7C-4C48-9F95-F3CF3DA1EF99}.Release|Any CPU.Build.0 = Release|Any CPU
	EndGlobalSection
	GlobalSection(SolutionProperties) = preSolution
		HideSolutionNode = FALSE
	EndGlobalSection
	GlobalSection(ExtensibilityGlobals) = postSolution
		SolutionGuid = {4F1E406C-CFDF-4A5B-9509-1F62DBEC5276}
	EndGlobalSection
EndGlobal
